{
  "projects": [
    {
      "projectId": "gmeH6XgPaBtkt51HunAo4g",
      "version": "18.29.0",
      "dependencies": {},
      "lang": "ts",
      "fileLocks": [
        {
          "assetId": "gmeH6XgPaBtkt51HunAo4g",
          "type": "projectCss",
          "checksum": "a92f8a81c335659a69443e50fd02af8c"
        },
        {
          "assetId": "gmeH6XgPaBtkt51HunAo4g",
          "checksum": "12432bceef704021122cb8b3d2017760",
          "type": "projectModule"
        },
        {
          "assetId": "gmeH6XgPaBtkt51HunAo4g",
          "checksum": "fe72ba8dfd186001e008f2e95fe60374",
          "type": "styleTokensProvider"
        }
      ],
      "codegenVersion": "0.0.2"
    },
    {
      "projectId": "a9DUVHwjzU2DmRycdJXBjB",
      "version": "latest",
      "dependencies": {
        "gmeH6XgPaBtkt51HunAo4g": "18.29.0"
      },
      "lang": "ts",
      "fileLocks": [
        {
          "type": "globalVariant",
          "assetId": "n6mxLo4zW9Mx",
          "checksum": "1176a3c34d6fe10b01bfbe6da204ebbb"
        },
        {
          "assetId": "a9DUVHwjzU2DmRycdJXBjB",
          "type": "projectCss",
          "checksum": "0a5c5fdfdef217cd08ba6f59468c5b9e"
        },
        {
          "assetId": "a9DUVHwjzU2DmRycdJXBjB",
          "checksum": "5951d5bb8fe536eb857af5ec377889a6",
          "type": "projectModule"
        },
        {
          "assetId": "a9DUVHwjzU2DmRycdJXBjB",
          "checksum": "f9f2f4b2766f82ede7a0f5cef7fce0d6",
          "type": "styleTokensProvider"
        },
        {
          "type": "renderModule",
          "assetId": "L2G4e8OmKQ09",
          "checksum": "b27bf100642d02d7876efe0cc36f62df"
        },
        {
          "type": "cssRules",
          "assetId": "L2G4e8OmKQ09",
          "checksum": "b27bf100642d02d7876efe0cc36f62df"
        },
        {
          "type": "renderModule",
          "assetId": "4RHzY59sfKRe",
          "checksum": "018e208eb6035444ebf2c4bd4d02b93d"
        },
        {
          "type": "cssRules",
          "assetId": "4RHzY59sfKRe",
          "checksum": "018e208eb6035444ebf2c4bd4d02b93d"
        },
        {
          "type": "renderModule",
          "assetId": "Dm-3LNFrAR7d",
          "checksum": "95c99ac59e22bb8e408df6f317479870"
        },
        {
          "type": "cssRules",
          "assetId": "Dm-3LNFrAR7d",
          "checksum": "95c99ac59e22bb8e408df6f317479870"
        },
        {
          "type": "renderModule",
          "assetId": "Utl8NWswmw92",
          "checksum": "7e484ae3adab3f05b316b714b65d6e00"
        },
        {
          "type": "cssRules",
          "assetId": "Utl8NWswmw92",
          "checksum": "7e484ae3adab3f05b316b714b65d6e00"
        },
        {
          "type": "renderModule",
          "assetId": "rRlQikzkbUR7",
          "checksum": "deb85b5e58554ec42966841861fcf8e7"
        },
        {
          "type": "cssRules",
          "assetId": "rRlQikzkbUR7",
          "checksum": "deb85b5e58554ec42966841861fcf8e7"
        },
        {
          "type": "renderModule",
          "assetId": "QhP1mLCpt1cE",
          "checksum": "27fe1814160327f6cd65130f7c36596c"
        },
        {
          "type": "cssRules",
          "assetId": "QhP1mLCpt1cE",
          "checksum": "27fe1814160327f6cd65130f7c36596c"
        },
        {
          "type": "renderModule",
          "assetId": "KxbqjQYyq-3F",
          "checksum": "faab42efb8cf5e2cc12f5f23750e3855"
        },
        {
          "type": "cssRules",
          "assetId": "KxbqjQYyq-3F",
          "checksum": "faab42efb8cf5e2cc12f5f23750e3855"
        },
        {
          "type": "renderModule",
          "assetId": "xCJRcmk6hwRG",
          "checksum": "a6b805634150153b1f57f252115eb04b"
        },
        {
          "type": "cssRules",
          "assetId": "xCJRcmk6hwRG",
          "checksum": "a6b805634150153b1f57f252115eb04b"
        },
        {
          "type": "renderModule",
          "assetId": "Oc4b-w0J8em-",
          "checksum": "c5987dc8e93bad943e4c4d0207cd3caf"
        },
        {
          "type": "cssRules",
          "assetId": "Oc4b-w0J8em-",
          "checksum": "c5987dc8e93bad943e4c4d0207cd3caf"
        },
        {
          "type": "renderModule",
          "assetId": "TiyCgqcAp_g5",
          "checksum": "bb8d87075f5474afcdaf635a3634bfbe"
        },
        {
          "type": "cssRules",
          "assetId": "TiyCgqcAp_g5",
          "checksum": "bb8d87075f5474afcdaf635a3634bfbe"
        },
        {
          "type": "renderModule",
          "assetId": "lX9I6iaiTE3G",
          "checksum": "7aa536e33e5c24b640344bc8ba046120"
        },
        {
          "type": "cssRules",
          "assetId": "lX9I6iaiTE3G",
          "checksum": "7aa536e33e5c24b640344bc8ba046120"
        },
        {
          "type": "renderModule",
          "assetId": "3ID7ie-2Imld",
          "checksum": "d85f2b415d8505ac452fc78e3a54f25f"
        },
        {
          "type": "cssRules",
          "assetId": "3ID7ie-2Imld",
          "checksum": "d85f2b415d8505ac452fc78e3a54f25f"
        },
        {
          "type": "renderModule",
          "assetId": "_N-kONQKn6TA",
          "checksum": "0222cc4687e08b8af93e9a9fcfd9f85c"
        },
        {
          "type": "cssRules",
          "assetId": "_N-kONQKn6TA",
          "checksum": "0222cc4687e08b8af93e9a9fcfd9f85c"
        },
        {
          "type": "renderModule",
          "assetId": "VGL-W48pzERS",
          "checksum": "6cda37dc6162e7848f101c30e3eb36ae"
        },
        {
          "type": "cssRules",
          "assetId": "VGL-W48pzERS",
          "checksum": "6cda37dc6162e7848f101c30e3eb36ae"
        },
        {
          "type": "renderModule",
          "assetId": "fbA-hC7afB8_",
          "checksum": "26f92b86c1403f59605594a4fa4e779a"
        },
        {
          "type": "cssRules",
          "assetId": "fbA-hC7afB8_",
          "checksum": "26f92b86c1403f59605594a4fa4e779a"
        },
        {
          "type": "icon",
          "assetId": "Da9Hs5C-IGGQ",
          "checksum": "529b8715d7fce6ea42f05c29a6c80c1b"
        },
        {
          "type": "icon",
          "assetId": "MmgwZxwyqZo_",
          "checksum": "b695ea9da1cf2d2bc46eb889f332e98e"
        },
        {
          "type": "icon",
          "assetId": "WsfIUm_1ZTcR",
          "checksum": "f7b1420e676c3fbd1d7fce6e17baa9b5"
        },
        {
          "type": "icon",
          "assetId": "9v3PMgIoGKga",
          "checksum": "84e9814fdddd0883f84cd94daddbdfd0"
        },
        {
          "type": "icon",
          "assetId": "O65wsxg80dlH",
          "checksum": "7ff903a05602b3df61e8e1b31ade469d"
        },
        {
          "type": "icon",
          "assetId": "riVUejhawr5p",
          "checksum": "c7ae30993d8ba381a5268297fad0abfd"
        },
        {
          "type": "icon",
          "assetId": "mGJtA77DTEbz",
          "checksum": "09d76498e71e024ec765a69d839017e5"
        },
        {
          "type": "icon",
          "assetId": "If1OaLIyV41D",
          "checksum": "39b1f8e890f8997f249a42c441a12fca"
        },
        {
          "type": "icon",
          "assetId": "FZo28VB5xzpI",
          "checksum": "57a9eb4a2b585ee2ab765e47bcddf6a2"
        },
        {
          "type": "icon",
          "assetId": "ltYs88lImqNp",
          "checksum": "34ac08de175c77a964b54ddc1d78b800"
        },
        {
          "type": "icon",
          "assetId": "zZlvFakchINS",
          "checksum": "90ad0be036f4779ba3f11e9663565887"
        },
        {
          "type": "icon",
          "assetId": "4QsmNrZLPUmz",
          "checksum": "38464bf628cc856e9680e1ed711fbfcc"
        },
        {
          "type": "icon",
          "assetId": "uWhv4XTQD7h8",
          "checksum": "37b600c755cfd4d41f8dc9b1973b8467"
        },
        {
          "type": "icon",
          "assetId": "KcAPAsgHnb1v",
          "checksum": "ac2498aba2130249d1af9fa0fb38e516"
        },
        {
          "type": "icon",
          "assetId": "KyhIcJMmRs2o",
          "checksum": "45a54d628e572f6c62952abd26851c4e"
        },
        {
          "type": "icon",
          "assetId": "X0wqQwkZtvvb",
          "checksum": "7748fff3eb8b3d6eda53d04952af5f85"
        },
        {
          "type": "icon",
          "assetId": "uRZoV3PtiM95",
          "checksum": "34cfaa0cc326bfe9e7f63f2d8206cfee"
        },
        {
          "type": "icon",
          "assetId": "lqalbPdSQw8v",
          "checksum": "272625dce701f03f6bfeec3cfdc1221a"
        },
        {
          "type": "icon",
          "assetId": "rwgnyNLjd2T-",
          "checksum": "3f4f0a54c783b26c64ee805bf7b7eb5e"
        },
        {
          "type": "icon",
          "assetId": "VSUBlqtyKuYf",
          "checksum": "4636c13c18a3b813785abc59cbe23bed"
        },
        {
          "type": "icon",
          "assetId": "imgHYaeuEQsx",
          "checksum": "3176d9554134220dfd8f283974d0b70b"
        },
        {
          "type": "icon",
          "assetId": "HUYixgZZ1bXa",
          "checksum": "1d465bef4c24775fcbe1b3c41b0ed9c5"
        },
        {
          "type": "icon",
          "assetId": "XEFZWwDAx0nE",
          "checksum": "214dd77f69cb363bd312c9727e1419d3"
        },
        {
          "type": "icon",
          "assetId": "i4FMsPGVCOYT",
          "checksum": "41e09b2e0bd14864c50d76245883e748"
        },
        {
          "type": "icon",
          "assetId": "F-2s08Ok5M1L",
          "checksum": "cfde875a191a67231c3189e41dabfd26"
        },
        {
          "type": "icon",
          "assetId": "S45BtjY_gj3H",
          "checksum": "989e27407478eb84b1e7b90205d911d6"
        },
        {
          "type": "icon",
          "assetId": "eTmSUrvfI3hM",
          "checksum": "f003db5a2df9d299dd5beb6c0402092b"
        },
        {
          "type": "icon",
          "assetId": "Q-NPEaH0Z4B_",
          "checksum": "e8089b9a1190f90b9b8f80f4c9e0cf85"
        },
        {
          "type": "icon",
          "assetId": "qGsygTQE2isI",
          "checksum": "54c04caf026668ef1fcb7a6c95cde44d"
        },
        {
          "type": "icon",
          "assetId": "eReUujx5XlWh",
          "checksum": "e9bcee1c5efcd0f7d7f2a5113d3c8c76"
        },
        {
          "type": "icon",
          "assetId": "6se1DMQgFfu9",
          "checksum": "ee9a9d677b83bb60bcf84cd4a328ddf1"
        },
        {
          "type": "icon",
          "assetId": "xgUGbyzXVLN6",
          "checksum": "2ef9010786a1a2d39bb9c9d0f7bc86e9"
        },
        {
          "type": "icon",
          "assetId": "HDws9ooZBI1G",
          "checksum": "62187cbaa38a70b1746e59fa692c4314"
        },
        {
          "type": "icon",
          "assetId": "talkt-s3K792",
          "checksum": "265d2d87f1e1f5655150587562261c6c"
        },
        {
          "type": "icon",
          "assetId": "1mamvsjuDM0_",
          "checksum": "b12a552bc7349151d7af57a0ff6a5de2"
        },
        {
          "type": "icon",
          "assetId": "zdDWQ6exp8ey",
          "checksum": "8b539e744cdf8026a06125832f7ac79f"
        },
        {
          "type": "icon",
          "assetId": "dhK5Y6B1Tl2Q",
          "checksum": "9d41f2fd17642fa79dd2e7aba6017744"
        },
        {
          "type": "icon",
          "assetId": "NocGS0wN81W7",
          "checksum": "d0c9d0cf3c238edff4d57b7222b6730f"
        },
        {
          "type": "icon",
          "assetId": "7x1edYL7SdmS",
          "checksum": "d1fed02ccc92aa328dda9f19fddbd827"
        },
        {
          "type": "icon",
          "assetId": "Qov3Y_mJ8Y4V",
          "checksum": "d157355ccb598dfa891851b90dff5699"
        },
        {
          "type": "icon",
          "assetId": "i-fJFdEYEjk6",
          "checksum": "c997267519b20e981b302b7d3565ef93"
        },
        {
          "type": "image",
          "assetId": "17YDWJT_Gg8j",
          "checksum": "e2060f54b4246c2cd15498c31f8c0b54"
        },
        {
          "type": "image",
          "assetId": "VD28AtGo-V-J",
          "checksum": "72175d83444bc8abb53417e3c36d4ba6"
        },
        {
          "type": "image",
          "assetId": "RqH97qgwZNam",
          "checksum": "9775a681fa17c52d80c496c1772afacd"
        },
        {
          "type": "image",
          "assetId": "9OI-d4Ttzj78",
          "checksum": "03830fc760d4e09d8434bfd5ea2464d6"
        },
        {
          "type": "image",
          "assetId": "VuFecsQJTzYN",
          "checksum": "9749e661468931df28233545c1a45879"
        },
        {
          "type": "image",
          "assetId": "fo1Esn_niBNs",
          "checksum": "73eb4f5ef1d130e29f1a251ef3b14fca"
        },
        {
          "type": "image",
          "assetId": "oseAeBk6nCki",
          "checksum": "0df0a35dc7581d9e1d7f4f0d3ec7fd9e"
        },
        {
          "type": "image",
          "assetId": "WYzkQigT9CpK",
          "checksum": "aa0686425ab962a2f4e33fb92cb6f3a6"
        },
        {
          "type": "image",
          "assetId": "qaN0pLZOB-wg",
          "checksum": "3f29b6a6635907c35095dee8708229ad"
        },
        {
          "type": "image",
          "assetId": "8lhK9v_hHRoL",
          "checksum": "adafbd3bb081098e38de3ef90644b570"
        },
        {
          "type": "image",
          "assetId": "ExfInx-zkFx1",
          "checksum": "b99d09b19294957060f32b4455da7d7e"
        },
        {
          "type": "image",
          "assetId": "wRMywHt8Xjm5",
          "checksum": "995c350efa6e1d066e7d353cbd837928"
        },
        {
          "type": "image",
          "assetId": "iYvRVbKUGBir",
          "checksum": "8afafbca2f19c5b58376b0de4b6e82f1"
        },
        {
          "type": "image",
          "assetId": "xUtlLyBgxRpe",
          "checksum": "05f6cb690204839c20a4621a2f29a420"
        },
        {
          "type": "image",
          "assetId": "GdOBBEX2quqf",
          "checksum": "749749f75d6a9d045497cae2ef6e1bfe"
        },
        {
          "type": "image",
          "assetId": "W-Nt-1CUJhYy",
          "checksum": "9dac1bc9ec1bea90acd2e6a9b416e599"
        },
        {
          "type": "image",
          "assetId": "ZGPzVymLWaXB",
          "checksum": "c0031453e7b31126b0906763715db326"
        },
        {
          "type": "image",
          "assetId": "zTgNSlDJ4AZT",
          "checksum": "579124534cc0be511cdf1a7e856b332c"
        },
        {
          "type": "image",
          "assetId": "-49UIDxRMJCx",
          "checksum": "035ff4de5ae9bcd11e10a32bf720023b"
        },
        {
          "type": "image",
          "assetId": "XalpkorLMEVo",
          "checksum": "3c5bc1dddec255556c7a4372d688f811"
        },
        {
          "type": "image",
          "assetId": "AGIBi69TFyci",
          "checksum": "41352d7e2ce13788c5a6c7e78f2f1b79"
        },
        {
          "type": "image",
          "assetId": "GluF0A_VuCIy",
          "checksum": "a563131fe3efd69dc544b000e7c13166"
        },
        {
          "type": "image",
          "assetId": "MiQr6x5_6Ga0",
          "checksum": "b1f45cb204193eb0bb41d9833190aa39"
        },
        {
          "type": "image",
          "assetId": "BwyPUOaz3Mz8",
          "checksum": "6e210ee96a415b94fae9609e40901343"
        },
        {
          "type": "image",
          "assetId": "C49ZDbeD6npg",
          "checksum": "2849fcbb5f31bbef06fe598c81b19aca"
        },
        {
          "type": "image",
          "assetId": "yI7f0TY2uR40",
          "checksum": "8ad722419c64f3e310872f20a3c862b2"
        },
        {
          "type": "image",
          "assetId": "aRsg4Qn5f9Cn",
          "checksum": "25329eafc0acec2f109df56f3413df98"
        },
        {
          "type": "image",
          "assetId": "fzf06CaGOr-z",
          "checksum": "404892bf9a53783414b88ce8cafac588"
        },
        {
          "type": "image",
          "assetId": "pAx8-p2iMpoh",
          "checksum": "1366d66851d9e18e30795a4f5eeb7ae9"
        },
        {
          "type": "image",
          "assetId": "bL-UQCGNgYmY",
          "checksum": "040df4fdaf9acd3c49c981de6d0a4027"
        },
        {
          "type": "image",
          "assetId": "SBuTKJzg4-sI",
          "checksum": "ff41cd09751efb5ec8efe77de53b6298"
        },
        {
          "type": "image",
          "assetId": "IJuWs2hHiOCy",
          "checksum": "28f8542babd31ae66d55d2e31d47a9a1"
        }
      ],
      "codegenVersion": "0.0.2"
    }
  ],
  "cliVersion": "0.1.356"
}
